
Microsoft Visual Studio Solution File, Format Version 12.00
# Visual Studio Version 17
VisualStudioVersion = 17.0.31903.59
MinimumVisualStudioVersion = 10.0.40219.1
Project("{2150E333-8FDC-42A3-9474-1A3956D46DE8}") = "src", "src", "{827E0CD3-B72D-47B6-A68D-7590B98EB39B}"
EndProject
Project("{FAE04EC0-301F-11D3-BF4B-00C04F79EFBC}") = "Animora.Desktop.App", "src\Animora.Desktop.App\Animora.Desktop.App.csproj", "{F0A6A9A6-6193-4D69-BADF-CBE61A46D5F8}"
EndProject
Project("{FAE04EC0-301F-11D3-BF4B-00C04F79EFBC}") = "Animora.Desktop.UI", "src\Animora.Desktop.UI\Animora.Desktop.UI.csproj", "{57815AAE-54B1-4E71-B40E-51D9FAC5E872}"
EndProject
Project("{FAE04EC0-301F-11D3-BF4B-00C04F79EFBC}") = "Animora.SharedKernel", "..\shared\dotnet\Animora.SharedKernel\Animora.SharedKernel.csproj", "{D90E9720-AB10-4CB0-B3F4-B1A41279F04F}"
EndProject
Project("{FAE04EC0-301F-11D3-BF4B-00C04F79EFBC}") = "Animora.Contracts", "..\shared\dotnet\Animora.Contracts\Animora.Contracts.csproj", "{A8B8746F-9601-4D02-9470-C09672D933D7}"
EndProject
Project("{FAE04EC0-301F-11D3-BF4B-00C04F79EFBC}") = "Animora.Desktop.Data", "src\Animora.Desktop.Data\Animora.Desktop.Data.csproj", "{EB50C5F3-E77B-4F8E-BA5B-5A3C50B2B761}"
EndProject
Project("{FAE04EC0-301F-11D3-BF4B-00C04F79EFBC}") = "Animora.Desktop.Infrastructure", "src\Animora.Desktop.Infrastructure\Animora.Desktop.Infrastructure.csproj", "{ADBB4B51-BB4E-4063-8145-0CA90455824E}"
EndProject
Project("{FAE04EC0-301F-11D3-BF4B-00C04F79EFBC}") = "Animora.Desktop.Sync", "src\Animora.Desktop.Sync\Animora.Desktop.Sync.csproj", "{45A9ED23-AA65-4B5A-8F51-CD128F1B4CE9}"
EndProject
Project("{FAE04EC0-301F-11D3-BF4B-00C04F79EFBC}") = "Animora.Desktop.Modules.Identity", "src\Animora.Desktop.Modules.Identity\Animora.Desktop.Modules.Identity.csproj", "{37D1A31D-977E-4F00-AE8C-C21ABCAF4D66}"
EndProject
Project("{FAE04EC0-301F-11D3-BF4B-00C04F79EFBC}") = "Animora.Desktop.Modules.Clients", "src\Animora.Desktop.Modules.Clients\Animora.Desktop.Modules.Clients.csproj", "{DDD9212C-6F37-4874-90D3-60632C45335F}"
EndProject
Project("{FAE04EC0-301F-11D3-BF4B-00C04F79EFBC}") = "Animora.Desktop.Modules.Visits", "src\Animora.Desktop.Modules.Visits\Animora.Desktop.Modules.Visits.csproj", "{DB3AD768-49FF-4EAE-8829-B0A609B33061}"
EndProject
Project("{FAE04EC0-301F-11D3-BF4B-00C04F79EFBC}") = "Animora.Desktop.Modules.Scheduling", "src\Animora.Desktop.Modules.Scheduling\Animora.Desktop.Modules.Scheduling.csproj", "{9DD6882F-8F41-4652-AD67-C1D537432779}"
EndProject
Project("{FAE04EC0-301F-11D3-BF4B-00C04F79EFBC}") = "Animora.Desktop.Modules.Finance", "src\Animora.Desktop.Modules.Finance\Animora.Desktop.Modules.Finance.csproj", "{96303133-D17F-4C2E-A0B4-79A52B80A39A}"
EndProject
Project("{FAE04EC0-301F-11D3-BF4B-00C04F79EFBC}") = "Animora.Desktop.Modules.Reporting", "src\Animora.Desktop.Modules.Reporting\Animora.Desktop.Modules.Reporting.csproj", "{7B89ABB2-2709-4256-91EC-593F5F6418AA}"
EndProject
Project("{FAE04EC0-301F-11D3-BF4B-00C04F79EFBC}") = "Animora.Desktop.Modules.Notifications", "src\Animora.Desktop.Modules.Notifications\Animora.Desktop.Modules.Notifications.csproj", "{C8D2233B-2400-4080-B4D6-06CBFE676F91}"
EndProject
Project("{FAE04EC0-301F-11D3-BF4B-00C04F79EFBC}") = "Animora.Desktop.Modules.Licensing", "src\Animora.Desktop.Modules.Licensing\Animora.Desktop.Modules.Licensing.csproj", "{CB508047-E656-4E01-92F7-FA1D0E3A9437}"
EndProject
Project("{FAE04EC0-301F-11D3-BF4B-00C04F79EFBC}") = "Animora.Desktop.Modules.Files", "src\Animora.Desktop.Modules.Files\Animora.Desktop.Modules.Files.csproj", "{D2EC22D5-76C1-42D2-B94C-E221DA6FD7FF}"
EndProject
Project("{2150E333-8FDC-42A3-9474-1A3956D46DE8}") = "tests", "tests", "{0AB3BF05-4346-4AA6-1389-037BE0695223}"
EndProject
Project("{FAE04EC0-301F-11D3-BF4B-00C04F79EFBC}") = "Animora.Desktop.UnitTests", "tests\Animora.Desktop.UnitTests\Animora.Desktop.UnitTests.csproj", "{69D2A7B1-837E-4EF5-A628-7E8803C99531}"
EndProject
Project("{FAE04EC0-301F-11D3-BF4B-00C04F79EFBC}") = "Animora.Desktop.UiTests", "tests\Animora.Desktop.UiTests\Animora.Desktop.UiTests.csproj", "{02BE0AF8-64D2-4720-BCAF-C6E7F4276DC9}"
EndProject
Project("{FAE04EC0-301F-11D3-BF4B-00C04F79EFBC}") = "Animora.Desktop.ArchTests", "tests\Animora.Desktop.ArchTests\Animora.Desktop.ArchTests.csproj", "{EF0D28AD-87BF-41FB-B32E-E3CA5702D0D5}"
EndProject
Global
	GlobalSection(SolutionConfigurationPlatforms) = preSolution
		Debug|Any CPU = Debug|Any CPU
		Debug|x64 = Debug|x64
		Debug|x86 = Debug|x86
		Release|Any CPU = Release|Any CPU
		Release|x64 = Release|x64
		Release|x86 = Release|x86
	EndGlobalSection
	GlobalSection(ProjectConfigurationPlatforms) = postSolution
		{F0A6A9A6-6193-4D69-BADF-CBE61A46D5F8}.Debug|Any CPU.ActiveCfg = Debug|Any CPU
		{F0A6A9A6-6193-4D69-BADF-CBE61A46D5F8}.Debug|Any CPU.Build.0 = Debug|Any CPU
		{F0A6A9A6-6193-4D69-BADF-CBE61A46D5F8}.Debug|x64.ActiveCfg = Debug|Any CPU
		{F0A6A9A6-6193-4D69-BADF-CBE61A46D5F8}.Debug|x64.Build.0 = Debug|Any CPU
		{F0A6A9A6-6193-4D69-BADF-CBE61A46D5F8}.Debug|x86.ActiveCfg = Debug|Any CPU
		{F0A6A9A6-6193-4D69-BADF-CBE61A46D5F8}.Debug|x86.Build.0 = Debug|Any CPU
		{F0A6A9A6-6193-4D69-BADF-CBE61A46D5F8}.Release|Any CPU.ActiveCfg = Release|Any CPU
		{F0A6A9A6-6193-4D69-BADF-CBE61A46D5F8}.Release|Any CPU.Build.0 = Release|Any CPU
		{F0A6A9A6-6193-4D69-BADF-CBE61A46D5F8}.Release|x64.ActiveCfg = Release|Any CPU
		{F0A6A9A6-6193-4D69-BADF-CBE61A46D5F8}.Release|x64.Build.0 = Release|Any CPU
		{F0A6A9A6-6193-4D69-BADF-CBE61A46D5F8}.Release|x86.ActiveCfg = Release|Any CPU
		{F0A6A9A6-6193-4D69-BADF-CBE61A46D5F8}.Release|x86.Build.0 = Release|Any CPU
		{57815AAE-54B1-4E71-B40E-51D9FAC5E872}.Debug|Any CPU.ActiveCfg = Debug|Any CPU
		{57815AAE-54B1-4E71-B40E-51D9FAC5E872}.Debug|Any CPU.Build.0 = Debug|Any CPU
		{57815AAE-54B1-4E71-B40E-51D9FAC5E872}.Debug|x64.ActiveCfg = Debug|Any CPU
		{57815AAE-54B1-4E71-B40E-51D9FAC5E872}.Debug|x64.Build.0 = Debug|Any CPU
		{57815AAE-54B1-4E71-B40E-51D9FAC5E872}.Debug|x86.ActiveCfg = Debug|Any CPU
		{57815AAE-54B1-4E71-B40E-51D9FAC5E872}.Debug|x86.Build.0 = Debug|Any CPU
		{57815AAE-54B1-4E71-B40E-51D9FAC5E872}.Release|Any CPU.ActiveCfg = Release|Any CPU
		{57815AAE-54B1-4E71-B40E-51D9FAC5E872}.Release|Any CPU.Build.0 = Release|Any CPU
		{57815AAE-54B1-4E71-B40E-51D9FAC5E872}.Release|x64.ActiveCfg = Release|Any CPU
		{57815AAE-54B1-4E71-B40E-51D9FAC5E872}.Release|x64.Build.0 = Release|Any CPU
		{57815AAE-54B1-4E71-B40E-51D9FAC5E872}.Release|x86.ActiveCfg = Release|Any CPU
		{57815AAE-54B1-4E71-B40E-51D9FAC5E872}.Release|x86.Build.0 = Release|Any CPU
		{D90E9720-AB10-4CB0-B3F4-B1A41279F04F}.Debug|Any CPU.ActiveCfg = Debug|Any CPU
		{D90E9720-AB10-4CB0-B3F4-B1A41279F04F}.Debug|Any CPU.Build.0 = Debug|Any CPU
		{D90E9720-AB10-4CB0-B3F4-B1A41279F04F}.Debug|x64.ActiveCfg = Debug|Any CPU
		{D90E9720-AB10-4CB0-B3F4-B1A41279F04F}.Debug|x64.Build.0 = Debug|Any CPU
		{D90E9720-AB10-4CB0-B3F4-B1A41279F04F}.Debug|x86.ActiveCfg = Debug|Any CPU
		{D90E9720-AB10-4CB0-B3F4-B1A41279F04F}.Debug|x86.Build.0 = Debug|Any CPU
		{D90E9720-AB10-4CB0-B3F4-B1A41279F04F}.Release|Any CPU.ActiveCfg = Release|Any CPU
		{D90E9720-AB10-4CB0-B3F4-B1A41279F04F}.Release|Any CPU.Build.0 = Release|Any CPU
		{D90E9720-AB10-4CB0-B3F4-B1A41279F04F}.Release|x64.ActiveCfg = Release|Any CPU
		{D90E9720-AB10-4CB0-B3F4-B1A41279F04F}.Release|x64.Build.0 = Release|Any CPU
		{D90E9720-AB10-4CB0-B3F4-B1A41279F04F}.Release|x86.ActiveCfg = Release|Any CPU
		{D90E9720-AB10-4CB0-B3F4-B1A41279F04F}.Release|x86.Build.0 = Release|Any CPU
		{A8B8746F-9601-4D02-9470-C09672D933D7}.Debug|Any CPU.ActiveCfg = Debug|Any CPU
		{A8B8746F-9601-4D02-9470-C09672D933D7}.Debug|Any CPU.Build.0 = Debug|Any CPU
		{A8B8746F-9601-4D02-9470-C09672D933D7}.Debug|x64.ActiveCfg = Debug|Any CPU
		{A8B8746F-9601-4D02-9470-C09672D933D7}.Debug|x64.Build.0 = Debug|Any CPU
		{A8B8746F-9601-4D02-9470-C09672D933D7}.Debug|x86.ActiveCfg = Debug|Any CPU
		{A8B8746F-9601-4D02-9470-C09672D933D7}.Debug|x86.Build.0 = Debug|Any CPU
		{A8B8746F-9601-4D02-9470-C09672D933D7}.Release|Any CPU.ActiveCfg = Release|Any CPU
		{A8B8746F-9601-4D02-9470-C09672D933D7}.Release|Any CPU.Build.0 = Release|Any CPU
		{A8B8746F-9601-4D02-9470-C09672D933D7}.Release|x64.ActiveCfg = Release|Any CPU
		{A8B8746F-9601-4D02-9470-C09672D933D7}.Release|x64.Build.0 = Release|Any CPU
		{A8B8746F-9601-4D02-9470-C09672D933D7}.Release|x86.ActiveCfg = Release|Any CPU
		{A8B8746F-9601-4D02-9470-C09672D933D7}.Release|x86.Build.0 = Release|Any CPU
		{EB50C5F3-E77B-4F8E-BA5B-5A3C50B2B761}.Debug|Any CPU.ActiveCfg = Debug|Any CPU
		{EB50C5F3-E77B-4F8E-BA5B-5A3C50B2B761}.Debug|Any CPU.Build.0 = Debug|Any CPU
		{EB50C5F3-E77B-4F8E-BA5B-5A3C50B2B761}.Debug|x64.ActiveCfg = Debug|Any CPU
		{EB50C5F3-E77B-4F8E-BA5B-5A3C50B2B761}.Debug|x64.Build.0 = Debug|Any CPU
		{EB50C5F3-E77B-4F8E-BA5B-5A3C50B2B761}.Debug|x86.ActiveCfg = Debug|Any CPU
		{EB50C5F3-E77B-4F8E-BA5B-5A3C50B2B761}.Debug|x86.Build.0 = Debug|Any CPU
		{EB50C5F3-E77B-4F8E-BA5B-5A3C50B2B761}.Release|Any CPU.ActiveCfg = Release|Any CPU
		{EB50C5F3-E77B-4F8E-BA5B-5A3C50B2B761}.Release|Any CPU.Build.0 = Release|Any CPU
		{EB50C5F3-E77B-4F8E-BA5B-5A3C50B2B761}.Release|x64.ActiveCfg = Release|Any CPU
		{EB50C5F3-E77B-4F8E-BA5B-5A3C50B2B761}.Release|x64.Build.0 = Release|Any CPU
		{EB50C5F3-E77B-4F8E-BA5B-5A3C50B2B761}.Release|x86.ActiveCfg = Release|Any CPU
		{EB50C5F3-E77B-4F8E-BA5B-5A3C50B2B761}.Release|x86.Build.0 = Release|Any CPU
		{ADBB4B51-BB4E-4063-8145-0CA90455824E}.Debug|Any CPU.ActiveCfg = Debug|Any CPU
		{ADBB4B51-BB4E-4063-8145-0CA90455824E}.Debug|Any CPU.Build.0 = Debug|Any CPU
		{ADBB4B51-BB4E-4063-8145-0CA90455824E}.Debug|x64.ActiveCfg = Debug|Any CPU
		{ADBB4B51-BB4E-4063-8145-0CA90455824E}.Debug|x64.Build.0 = Debug|Any CPU
		{ADBB4B51-BB4E-4063-8145-0CA90455824E}.Debug|x86.ActiveCfg = Debug|Any CPU
		{ADBB4B51-BB4E-4063-8145-0CA90455824E}.Debug|x86.Build.0 = Debug|Any CPU
		{ADBB4B51-BB4E-4063-8145-0CA90455824E}.Release|Any CPU.ActiveCfg = Release|Any CPU
		{ADBB4B51-BB4E-4063-8145-0CA90455824E}.Release|Any CPU.Build.0 = Release|Any CPU
		{ADBB4B51-BB4E-4063-8145-0CA90455824E}.Release|x64.ActiveCfg = Release|Any CPU
		{ADBB4B51-BB4E-4063-8145-0CA90455824E}.Release|x64.Build.0 = Release|Any CPU
		{ADBB4B51-BB4E-4063-8145-0CA90455824E}.Release|x86.ActiveCfg = Release|Any CPU
		{ADBB4B51-BB4E-4063-8145-0CA90455824E}.Release|x86.Build.0 = Release|Any CPU
		{45A9ED23-AA65-4B5A-8F51-CD128F1B4CE9}.Debug|Any CPU.ActiveCfg = Debug|Any CPU
		{45A9ED23-AA65-4B5A-8F51-CD128F1B4CE9}.Debug|Any CPU.Build.0 = Debug|Any CPU
		{45A9ED23-AA65-4B5A-8F51-CD128F1B4CE9}.Debug|x64.ActiveCfg = Debug|Any CPU
		{45A9ED23-AA65-4B5A-8F51-CD128F1B4CE9}.Debug|x64.Build.0 = Debug|Any CPU
		{45A9ED23-AA65-4B5A-8F51-CD128F1B4CE9}.Debug|x86.ActiveCfg = Debug|Any CPU
		{45A9ED23-AA65-4B5A-8F51-CD128F1B4CE9}.Debug|x86.Build.0 = Debug|Any CPU
		{45A9ED23-AA65-4B5A-8F51-CD128F1B4CE9}.Release|Any CPU.ActiveCfg = Release|Any CPU
		{45A9ED23-AA65-4B5A-8F51-CD128F1B4CE9}.Release|Any CPU.Build.0 = Release|Any CPU
		{45A9ED23-AA65-4B5A-8F51-CD128F1B4CE9}.Release|x64.ActiveCfg = Release|Any CPU
		{45A9ED23-AA65-4B5A-8F51-CD128F1B4CE9}.Release|x64.Build.0 = Release|Any CPU
		{45A9ED23-AA65-4B5A-8F51-CD128F1B4CE9}.Release|x86.ActiveCfg = Release|Any CPU
		{45A9ED23-AA65-4B5A-8F51-CD128F1B4CE9}.Release|x86.Build.0 = Release|Any CPU
		{37D1A31D-977E-4F00-AE8C-C21ABCAF4D66}.Debug|Any CPU.ActiveCfg = Debug|Any CPU
		{37D1A31D-977E-4F00-AE8C-C21ABCAF4D66}.Debug|Any CPU.Build.0 = Debug|Any CPU
		{37D1A31D-977E-4F00-AE8C-C21ABCAF4D66}.Debug|x64.ActiveCfg = Debug|Any CPU
		{37D1A31D-977E-4F00-AE8C-C21ABCAF4D66}.Debug|x64.Build.0 = Debug|Any CPU
		{37D1A31D-977E-4F00-AE8C-C21ABCAF4D66}.Debug|x86.ActiveCfg = Debug|Any CPU
		{37D1A31D-977E-4F00-AE8C-C21ABCAF4D66}.Debug|x86.Build.0 = Debug|Any CPU
		{37D1A31D-977E-4F00-AE8C-C21ABCAF4D66}.Release|Any CPU.ActiveCfg = Release|Any CPU
		{37D1A31D-977E-4F00-AE8C-C21ABCAF4D66}.Release|Any CPU.Build.0 = Release|Any CPU
		{37D1A31D-977E-4F00-AE8C-C21ABCAF4D66}.Release|x64.ActiveCfg = Release|Any CPU
		{37D1A31D-977E-4F00-AE8C-C21ABCAF4D66}.Release|x64.Build.0 = Release|Any CPU
		{37D1A31D-977E-4F00-AE8C-C21ABCAF4D66}.Release|x86.ActiveCfg = Release|Any CPU
		{37D1A31D-977E-4F00-AE8C-C21ABCAF4D66}.Release|x86.Build.0 = Release|Any CPU
		{DDD9212C-6F37-4874-90D3-60632C45335F}.Debug|Any CPU.ActiveCfg = Debug|Any CPU
		{DDD9212C-6F37-4874-90D3-60632C45335F}.Debug|Any CPU.Build.0 = Debug|Any CPU
		{DDD9212C-6F37-4874-90D3-60632C45335F}.Debug|x64.ActiveCfg = Debug|Any CPU
		{DDD9212C-6F37-4874-90D3-60632C45335F}.Debug|x64.Build.0 = Debug|Any CPU
		{DDD9212C-6F37-4874-90D3-60632C45335F}.Debug|x86.ActiveCfg = Debug|Any CPU
		{DDD9212C-6F37-4874-90D3-60632C45335F}.Debug|x86.Build.0 = Debug|Any CPU
		{DDD9212C-6F37-4874-90D3-60632C45335F}.Release|Any CPU.ActiveCfg = Release|Any CPU
		{DDD9212C-6F37-4874-90D3-60632C45335F}.Release|Any CPU.Build.0 = Release|Any CPU
		{DDD9212C-6F37-4874-90D3-60632C45335F}.Release|x64.ActiveCfg = Release|Any CPU
		{DDD9212C-6F37-4874-90D3-60632C45335F}.Release|x64.Build.0 = Release|Any CPU
		{DDD9212C-6F37-4874-90D3-60632C45335F}.Release|x86.ActiveCfg = Release|Any CPU
		{DDD9212C-6F37-4874-90D3-60632C45335F}.Release|x86.Build.0 = Release|Any CPU
		{DB3AD768-49FF-4EAE-8829-B0A609B33061}.Debug|Any CPU.ActiveCfg = Debug|Any CPU
		{DB3AD768-49FF-4EAE-8829-B0A609B33061}.Debug|Any CPU.Build.0 = Debug|Any CPU
		{DB3AD768-49FF-4EAE-8829-B0A609B33061}.Debug|x64.ActiveCfg = Debug|Any CPU
		{DB3AD768-49FF-4EAE-8829-B0A609B33061}.Debug|x64.Build.0 = Debug|Any CPU
		{DB3AD768-49FF-4EAE-8829-B0A609B33061}.Debug|x86.ActiveCfg = Debug|Any CPU
		{DB3AD768-49FF-4EAE-8829-B0A609B33061}.Debug|x86.Build.0 = Debug|Any CPU
		{DB3AD768-49FF-4EAE-8829-B0A609B33061}.Release|Any CPU.ActiveCfg = Release|Any CPU
		{DB3AD768-49FF-4EAE-8829-B0A609B33061}.Release|Any CPU.Build.0 = Release|Any CPU
		{DB3AD768-49FF-4EAE-8829-B0A609B33061}.Release|x64.ActiveCfg = Release|Any CPU
		{DB3AD768-49FF-4EAE-8829-B0A609B33061}.Release|x64.Build.0 = Release|Any CPU
		{DB3AD768-49FF-4EAE-8829-B0A609B33061}.Release|x86.ActiveCfg = Release|Any CPU
		{DB3AD768-49FF-4EAE-8829-B0A609B33061}.Release|x86.Build.0 = Release|Any CPU
		{9DD6882F-8F41-4652-AD67-C1D537432779}.Debug|Any CPU.ActiveCfg = Debug|Any CPU
		{9DD6882F-8F41-4652-AD67-C1D537432779}.Debug|Any CPU.Build.0 = Debug|Any CPU
		{9DD6882F-8F41-4652-AD67-C1D537432779}.Debug|x64.ActiveCfg = Debug|Any CPU
		{9DD6882F-8F41-4652-AD67-C1D537432779}.Debug|x64.Build.0 = Debug|Any CPU
		{9DD6882F-8F41-4652-AD67-C1D537432779}.Debug|x86.ActiveCfg = Debug|Any CPU
		{9DD6882F-8F41-4652-AD67-C1D537432779}.Debug|x86.Build.0 = Debug|Any CPU
		{9DD6882F-8F41-4652-AD67-C1D537432779}.Release|Any CPU.ActiveCfg = Release|Any CPU
		{9DD6882F-8F41-4652-AD67-C1D537432779}.Release|Any CPU.Build.0 = Release|Any CPU
		{9DD6882F-8F41-4652-AD67-C1D537432779}.Release|x64.ActiveCfg = Release|Any CPU
		{9DD6882F-8F41-4652-AD67-C1D537432779}.Release|x64.Build.0 = Release|Any CPU
		{9DD6882F-8F41-4652-AD67-C1D537432779}.Release|x86.ActiveCfg = Release|Any CPU
		{9DD6882F-8F41-4652-AD67-C1D537432779}.Release|x86.Build.0 = Release|Any CPU
		{96303133-D17F-4C2E-A0B4-79A52B80A39A}.Debug|Any CPU.ActiveCfg = Debug|Any CPU
		{96303133-D17F-4C2E-A0B4-79A52B80A39A}.Debug|Any CPU.Build.0 = Debug|Any CPU
		{96303133-D17F-4C2E-A0B4-79A52B80A39A}.Debug|x64.ActiveCfg = Debug|Any CPU
		{96303133-D17F-4C2E-A0B4-79A52B80A39A}.Debug|x64.Build.0 = Debug|Any CPU
		{96303133-D17F-4C2E-A0B4-79A52B80A39A}.Debug|x86.ActiveCfg = Debug|Any CPU
		{96303133-D17F-4C2E-A0B4-79A52B80A39A}.Debug|x86.Build.0 = Debug|Any CPU
		{96303133-D17F-4C2E-A0B4-79A52B80A39A}.Release|Any CPU.ActiveCfg = Release|Any CPU
		{96303133-D17F-4C2E-A0B4-79A52B80A39A}.Release|Any CPU.Build.0 = Release|Any CPU
		{96303133-D17F-4C2E-A0B4-79A52B80A39A}.Release|x64.ActiveCfg = Release|Any CPU
		{96303133-D17F-4C2E-A0B4-79A52B80A39A}.Release|x64.Build.0 = Release|Any CPU
		{96303133-D17F-4C2E-A0B4-79A52B80A39A}.Release|x86.ActiveCfg = Release|Any CPU
		{96303133-D17F-4C2E-A0B4-79A52B80A39A}.Release|x86.Build.0 = Release|Any CPU
		{7B89ABB2-2709-4256-91EC-593F5F6418AA}.Debug|Any CPU.ActiveCfg = Debug|Any CPU
		{7B89ABB2-2709-4256-91EC-593F5F6418AA}.Debug|Any CPU.Build.0 = Debug|Any CPU
		{7B89ABB2-2709-4256-91EC-593F5F6418AA}.Debug|x64.ActiveCfg = Debug|Any CPU
		{7B89ABB2-2709-4256-91EC-593F5F6418AA}.Debug|x64.Build.0 = Debug|Any CPU
		{7B89ABB2-2709-4256-91EC-593F5F6418AA}.Debug|x86.ActiveCfg = Debug|Any CPU
		{7B89ABB2-2709-4256-91EC-593F5F6418AA}.Debug|x86.Build.0 = Debug|Any CPU
		{7B89ABB2-2709-4256-91EC-593F5F6418AA}.Release|Any CPU.ActiveCfg = Release|Any CPU
		{7B89ABB2-2709-4256-91EC-593F5F6418AA}.Release|Any CPU.Build.0 = Release|Any CPU
		{7B89ABB2-2709-4256-91EC-593F5F6418AA}.Release|x64.ActiveCfg = Release|Any CPU
		{7B89ABB2-2709-4256-91EC-593F5F6418AA}.Release|x64.Build.0 = Release|Any CPU
		{7B89ABB2-2709-4256-91EC-593F5F6418AA}.Release|x86.ActiveCfg = Release|Any CPU
		{7B89ABB2-2709-4256-91EC-593F5F6418AA}.Release|x86.Build.0 = Release|Any CPU
		{C8D2233B-2400-4080-B4D6-06CBFE676F91}.Debug|Any CPU.ActiveCfg = Debug|Any CPU
		{C8D2233B-2400-4080-B4D6-06CBFE676F91}.Debug|Any CPU.Build.0 = Debug|Any CPU
		{C8D2233B-2400-4080-B4D6-06CBFE676F91}.Debug|x64.ActiveCfg = Debug|Any CPU
		{C8D2233B-2400-4080-B4D6-06CBFE676F91}.Debug|x64.Build.0 = Debug|Any CPU
		{C8D2233B-2400-4080-B4D6-06CBFE676F91}.Debug|x86.ActiveCfg = Debug|Any CPU
		{C8D2233B-2400-4080-B4D6-06CBFE676F91}.Debug|x86.Build.0 = Debug|Any CPU
		{C8D2233B-2400-4080-B4D6-06CBFE676F91}.Release|Any CPU.ActiveCfg = Release|Any CPU
		{C8D2233B-2400-4080-B4D6-06CBFE676F91}.Release|Any CPU.Build.0 = Release|Any CPU
		{C8D2233B-2400-4080-B4D6-06CBFE676F91}.Release|x64.ActiveCfg = Release|Any CPU
		{C8D2233B-2400-4080-B4D6-06CBFE676F91}.Release|x64.Build.0 = Release|Any CPU
		{C8D2233B-2400-4080-B4D6-06CBFE676F91}.Release|x86.ActiveCfg = Release|Any CPU
		{C8D2233B-2400-4080-B4D6-06CBFE676F91}.Release|x86.Build.0 = Release|Any CPU
		{CB508047-E656-4E01-92F7-FA1D0E3A9437}.Debug|Any CPU.ActiveCfg = Debug|Any CPU
		{CB508047-E656-4E01-92F7-FA1D0E3A9437}.Debug|Any CPU.Build.0 = Debug|Any CPU
		{CB508047-E656-4E01-92F7-FA1D0E3A9437}.Debug|x64.ActiveCfg = Debug|Any CPU
		{CB508047-E656-4E01-92F7-FA1D0E3A9437}.Debug|x64.Build.0 = Debug|Any CPU
		{CB508047-E656-4E01-92F7-FA1D0E3A9437}.Debug|x86.ActiveCfg = Debug|Any CPU
		{CB508047-E656-4E01-92F7-FA1D0E3A9437}.Debug|x86.Build.0 = Debug|Any CPU
		{CB508047-E656-4E01-92F7-FA1D0E3A9437}.Release|Any CPU.ActiveCfg = Release|Any CPU
		{CB508047-E656-4E01-92F7-FA1D0E3A9437}.Release|Any CPU.Build.0 = Release|Any CPU
		{CB508047-E656-4E01-92F7-FA1D0E3A9437}.Release|x64.ActiveCfg = Release|Any CPU
		{CB508047-E656-4E01-92F7-FA1D0E3A9437}.Release|x64.Build.0 = Release|Any CPU
		{CB508047-E656-4E01-92F7-FA1D0E3A9437}.Release|x86.ActiveCfg = Release|Any CPU
		{CB508047-E656-4E01-92F7-FA1D0E3A9437}.Release|x86.Build.0 = Release|Any CPU
		{D2EC22D5-76C1-42D2-B94C-E221DA6FD7FF}.Debug|Any CPU.ActiveCfg = Debug|Any CPU
		{D2EC22D5-76C1-42D2-B94C-E221DA6FD7FF}.Debug|Any CPU.Build.0 = Debug|Any CPU
		{D2EC22D5-76C1-42D2-B94C-E221DA6FD7FF}.Debug|x64.ActiveCfg = Debug|Any CPU
		{D2EC22D5-76C1-42D2-B94C-E221DA6FD7FF}.Debug|x64.Build.0 = Debug|Any CPU
		{D2EC22D5-76C1-42D2-B94C-E221DA6FD7FF}.Debug|x86.ActiveCfg = Debug|Any CPU
		{D2EC22D5-76C1-42D2-B94C-E221DA6FD7FF}.Debug|x86.Build.0 = Debug|Any CPU
		{D2EC22D5-76C1-42D2-B94C-E221DA6FD7FF}.Release|Any CPU.ActiveCfg = Release|Any CPU
		{D2EC22D5-76C1-42D2-B94C-E221DA6FD7FF}.Release|Any CPU.Build.0 = Release|Any CPU
		{D2EC22D5-76C1-42D2-B94C-E221DA6FD7FF}.Release|x64.ActiveCfg = Release|Any CPU
		{D2EC22D5-76C1-42D2-B94C-E221DA6FD7FF}.Release|x64.Build.0 = Release|Any CPU
		{D2EC22D5-76C1-42D2-B94C-E221DA6FD7FF}.Release|x86.ActiveCfg = Release|Any CPU
		{D2EC22D5-76C1-42D2-B94C-E221DA6FD7FF}.Release|x86.Build.0 = Release|Any CPU
		{69D2A7B1-837E-4EF5-A628-7E8803C99531}.Debug|Any CPU.ActiveCfg = Debug|Any CPU
		{69D2A7B1-837E-4EF5-A628-7E8803C99531}.Debug|Any CPU.Build.0 = Debug|Any CPU
		{69D2A7B1-837E-4EF5-A628-7E8803C99531}.Debug|x64.ActiveCfg = Debug|Any CPU
		{69D2A7B1-837E-4EF5-A628-7E8803C99531}.Debug|x64.Build.0 = Debug|Any CPU
		{69D2A7B1-837E-4EF5-A628-7E8803C99531}.Debug|x86.ActiveCfg = Debug|Any CPU
		{69D2A7B1-837E-4EF5-A628-7E8803C99531}.Debug|x86.Build.0 = Debug|Any CPU
		{69D2A7B1-837E-4EF5-A628-7E8803C99531}.Release|Any CPU.ActiveCfg = Release|Any CPU
		{69D2A7B1-837E-4EF5-A628-7E8803C99531}.Release|Any CPU.Build.0 = Release|Any CPU
		{69D2A7B1-837E-4EF5-A628-7E8803C99531}.Release|x64.ActiveCfg = Release|Any CPU
		{69D2A7B1-837E-4EF5-A628-7E8803C99531}.Release|x64.Build.0 = Release|Any CPU
		{69D2A7B1-837E-4EF5-A628-7E8803C99531}.Release|x86.ActiveCfg = Release|Any CPU
		{69D2A7B1-837E-4EF5-A628-7E8803C99531}.Release|x86.Build.0 = Release|Any CPU
		{02BE0AF8-64D2-4720-BCAF-C6E7F4276DC9}.Debug|Any CPU.ActiveCfg = Debug|Any CPU
		{02BE0AF8-64D2-4720-BCAF-C6E7F4276DC9}.Debug|Any CPU.Build.0 = Debug|Any CPU
		{02BE0AF8-64D2-4720-BCAF-C6E7F4276DC9}.Debug|x64.ActiveCfg = Debug|Any CPU
		{02BE0AF8-64D2-4720-BCAF-C6E7F4276DC9}.Debug|x64.Build.0 = Debug|Any CPU
		{02BE0AF8-64D2-4720-BCAF-C6E7F4276DC9}.Debug|x86.ActiveCfg = Debug|Any CPU
		{02BE0AF8-64D2-4720-BCAF-C6E7F4276DC9}.Debug|x86.Build.0 = Debug|Any CPU
		{02BE0AF8-64D2-4720-BCAF-C6E7F4276DC9}.Release|Any CPU.ActiveCfg = Release|Any CPU
		{02BE0AF8-64D2-4720-BCAF-C6E7F4276DC9}.Release|Any CPU.Build.0 = Release|Any CPU
		{02BE0AF8-64D2-4720-BCAF-C6E7F4276DC9}.Release|x64.ActiveCfg = Release|Any CPU
		{02BE0AF8-64D2-4720-BCAF-C6E7F4276DC9}.Release|x64.Build.0 = Release|Any CPU
		{02BE0AF8-64D2-4720-BCAF-C6E7F4276DC9}.Release|x86.ActiveCfg = Release|Any CPU
		{02BE0AF8-64D2-4720-BCAF-C6E7F4276DC9}.Release|x86.Build.0 = Release|Any CPU
		{EF0D28AD-87BF-41FB-B32E-E3CA5702D0D5}.Debug|Any CPU.ActiveCfg = Debug|Any CPU
		{EF0D28AD-87BF-41FB-B32E-E3CA5702D0D5}.Debug|Any CPU.Build.0 = Debug|Any CPU
		{EF0D28AD-87BF-41FB-B32E-E3CA5702D0D5}.Debug|x64.ActiveCfg = Debug|Any CPU
		{EF0D28AD-87BF-41FB-B32E-E3CA5702D0D5}.Debug|x64.Build.0 = Debug|Any CPU
		{EF0D28AD-87BF-41FB-B32E-E3CA5702D0D5}.Debug|x86.ActiveCfg = Debug|Any CPU
		{EF0D28AD-87BF-41FB-B32E-E3CA5702D0D5}.Debug|x86.Build.0 = Debug|Any CPU
		{EF0D28AD-87BF-41FB-B32E-E3CA5702D0D5}.Release|Any CPU.ActiveCfg = Release|Any CPU
		{EF0D28AD-87BF-41FB-B32E-E3CA5702D0D5}.Release|Any CPU.Build.0 = Release|Any CPU
		{EF0D28AD-87BF-41FB-B32E-E3CA5702D0D5}.Release|x64.ActiveCfg = Release|Any CPU
		{EF0D28AD-87BF-41FB-B32E-E3CA5702D0D5}.Release|x64.Build.0 = Release|Any CPU
		{EF0D28AD-87BF-41FB-B32E-E3CA5702D0D5}.Release|x86.ActiveCfg = Release|Any CPU
		{EF0D28AD-87BF-41FB-B32E-E3CA5702D0D5}.Release|x86.Build.0 = Release|Any CPU
	EndGlobalSection
	GlobalSection(SolutionProperties) = preSolution
		HideSolutionNode = FALSE
	EndGlobalSection
	GlobalSection(NestedProjects) = preSolution
		{F0A6A9A6-6193-4D69-BADF-CBE61A46D5F8} = {827E0CD3-B72D-47B6-A68D-7590B98EB39B}
		{57815AAE-54B1-4E71-B40E-51D9FAC5E872} = {827E0CD3-B72D-47B6-A68D-7590B98EB39B}
		{EB50C5F3-E77B-4F8E-BA5B-5A3C50B2B761} = {827E0CD3-B72D-47B6-A68D-7590B98EB39B}
		{ADBB4B51-BB4E-4063-8145-0CA90455824E} = {827E0CD3-B72D-47B6-A68D-7590B98EB39B}
		{45A9ED23-AA65-4B5A-8F51-CD128F1B4CE9} = {827E0CD3-B72D-47B6-A68D-7590B98EB39B}
		{37D1A31D-977E-4F00-AE8C-C21ABCAF4D66} = {827E0CD3-B72D-47B6-A68D-7590B98EB39B}
		{DDD9212C-6F37-4874-90D3-60632C45335F} = {827E0CD3-B72D-47B6-A68D-7590B98EB39B}
		{DB3AD768-49FF-4EAE-8829-B0A609B33061} = {827E0CD3-B72D-47B6-A68D-7590B98EB39B}
		{9DD6882F-8F41-4652-AD67-C1D537432779} = {827E0CD3-B72D-47B6-A68D-7590B98EB39B}
		{96303133-D17F-4C2E-A0B4-79A52B80A39A} = {827E0CD3-B72D-47B6-A68D-7590B98EB39B}
		{7B89ABB2-2709-4256-91EC-593F5F6418AA} = {827E0CD3-B72D-47B6-A68D-7590B98EB39B}
		{C8D2233B-2400-4080-B4D6-06CBFE676F91} = {827E0CD3-B72D-47B6-A68D-7590B98EB39B}
		{CB508047-E656-4E01-92F7-FA1D0E3A9437} = {827E0CD3-B72D-47B6-A68D-7590B98EB39B}
		{D2EC22D5-76C1-42D2-B94C-E221DA6FD7FF} = {827E0CD3-B72D-47B6-A68D-7590B98EB39B}
		{69D2A7B1-837E-4EF5-A628-7E8803C99531} = {0AB3BF05-4346-4AA6-1389-037BE0695223}
		{02BE0AF8-64D2-4720-BCAF-C6E7F4276DC9} = {0AB3BF05-4346-4AA6-1389-037BE0695223}
		{EF0D28AD-87BF-41FB-B32E-E3CA5702D0D5} = {0AB3BF05-4346-4AA6-1389-037BE0695223}
	EndGlobalSection
EndGlobal
